
Microsoft Visual Studio Solution File, Format Version 12.00
# Visual Studio 15
VisualStudioVersion = 15.0.27130.2036
MinimumVisualStudioVersion = 10.0.40219.1
Project("{FAE04EC0-301F-11D3-BF4B-00C04F79EFBC}") = "RealFishki.Android", "RealFishki\RealFishki.Android\RealFishki.Android.csproj", "{ACC891FA-89ED-4695-81F9-2EF8EDEB88C8}"
EndProject
Project("{FAE04EC0-301F-11D3-BF4B-00C04F79EFBC}") = "RealFishki", "RealFishki\RealFishki\RealFishki.csproj", "{4312A224-BC68-4490-AE1C-63D700B864EA}"
EndProject
Global
	GlobalSection(SolutionConfigurationPlatforms) = preSolution
		Debug|Any CPU = Debug|Any CPU
		Release|Any CPU = Release|Any CPU
	EndGlobalSection
	GlobalSection(ProjectConfigurationPlatforms) = postSolution
		{ACC891FA-89ED-4695-81F9-2EF8EDEB88C8}.Debug|Any CPU.ActiveCfg = Debug|Any CPU
		{ACC891FA-89ED-4695-81F9-2EF8EDEB88C8}.Debug|Any CPU.Build.0 = Debug|Any CPU
		{ACC891FA-89ED-4695-81F9-2EF8EDEB88C8}.Debug|Any CPU.Deploy.0 = Debug|Any CPU
		{ACC891FA-89ED-4695-81F9-2EF8EDEB88C8}.Release|Any CPU.ActiveCfg = Release|Any CPU
		{ACC891FA-89ED-4695-81F9-2EF8EDEB88C8}.Release|Any CPU.Build.0 = Release|Any CPU
		{ACC891FA-89ED-4695-81F9-2EF8EDEB88C8}.Release|Any CPU.Deploy.0 = Release|Any CPU
		{4312A224-BC68-4490-AE1C-63D700B864EA}.Debug|Any CPU.ActiveCfg = Debug|Any CPU
		{4312A224-BC68-4490-AE1C-63D700B864EA}.Debug|Any CPU.Build.0 = Debug|Any CPU
		{4312A224-BC68-4490-AE1C-63D700B864EA}.Release|Any CPU.ActiveCfg = Release|Any CPU
		{4312A224-BC68-4490-AE1C-63D700B864EA}.Release|Any CPU.Build.0 = Release|Any CPU
	EndGlobalSection
	GlobalSection(SolutionProperties) = preSolution
		HideSolutionNode = FALSE
	EndGlobalSection
	GlobalSection(ExtensibilityGlobals) = postSolution
		SolutionGuid = {D8778639-7EF1-4022-9CBF-220012907100}
	EndGlobalSection
EndGlobal
